{
  "nodes": {
    "flake-compat": {
      "flake": false,
      "locked": {
        "lastModified": 1733328505,
        "narHash": "sha256-NeCCThCEP3eCl2l/+27kNNK7QrwZB1IJCrXfrbv5oqU=",
        "owner": "edolstra",
        "repo": "flake-compat",
        "rev": "ff81ac966bb2cae68946d5ed5fc4994f96d0ffec",
        "type": "github"
      },
      "original": {
        "owner": "edolstra",
        "repo": "flake-compat",
        "type": "github"
      }
    },
    "home-manager": {
      "inputs": {
        "nixpkgs": [
          "nixpkgs"
        ]
      },
      "locked": {
        "lastModified": 1737704314,
        "narHash": "sha256-zta8jvOQ2wRCZmiwFEnS5iCulWAh8e+fLUlQxrgOBjM=",
        "owner": "nix-community",
        "repo": "home-manager",
        "rev": "a0428685572b134f6594e7d7f5db5e1febbab2d7",
        "type": "github"
      },
      "original": {
        "owner": "nix-community",
        "repo": "home-manager",
        "type": "github"
      }
    },
    "nixpkgs": {
      "locked": {
        "lastModified": 1737632463,
        "narHash": "sha256-38J9QfeGSej341ouwzqf77WIHAScihAKCt8PQJ+NH28=",
        "owner": "NixOS",
        "repo": "nixpkgs",
        "rev": "0aa475546ed21629c4f5bbf90e38c846a99ec9e9",
        "type": "github"
      },
      "original": {
        "owner": "NixOS",
        "ref": "nixos-unstable",
        "repo": "nixpkgs",
        "type": "github"
      }
    },
    "nixpkgs_2": {
      "locked": {
        "lastModified": 1728492678,
        "narHash": "sha256-9UTxR8eukdg+XZeHgxW5hQA9fIKHsKCdOIUycTryeVw=",
        "owner": "nixos",
        "repo": "nixpkgs",
        "rev": "5633bcff0c6162b9e4b5f1264264611e950c8ec7",
        "type": "github"
      },
      "original": {
        "owner": "nixos",
        "ref": "nixos-unstable",
        "repo": "nixpkgs",
        "type": "github"
      }
    },
    "nur": {
      "locked": {
        "lastModified": 1729125404,
        "narHash": "sha256-2ZtXYNBPi9Ejeb2Heqh+yFTBcstapvtna8Vyl/ugb7w=",
        "owner": "nix-community",
        "repo": "NUR",
        "rev": "7aafd5f0d772efbd2e611c132cc290c3508fe049",
        "type": "github"
      },
      "original": {
        "owner": "nix-community",
        "repo": "NUR",
        "type": "github"
      }
    },
    "root": {
      "inputs": {
        "home-manager": "home-manager",
        "nixpkgs": "nixpkgs",
        "spicetify-nix": "spicetify-nix",
        "textfox": "textfox",
        "zen-browser": "zen-browser"
      }
    },
    "spicetify-nix": {
      "inputs": {
        "flake-compat": "flake-compat",
        "nixpkgs": [
          "nixpkgs"
        ]
      },
      "locked": {
        "lastModified": 1737864911,
        "narHash": "sha256-yQGyYTEDJreafvnHQvTvCHxmmqy77mrUyzJV1zr3XN0=",
        "owner": "Gerg-L",
        "repo": "spicetify-nix",
        "rev": "b65b84d6b8e9cd59af6524f05a1972fbe6fecce5",
        "type": "github"
      },
      "original": {
        "owner": "Gerg-L",
        "repo": "spicetify-nix",
        "type": "github"
      }
    },
    "textfox": {
      "inputs": {
        "nixpkgs": "nixpkgs_2",
        "nur": "nur"
      },
      "locked": {
        "lastModified": 1737188476,
        "narHash": "sha256-RlLkkg/qKx3hwx2ftUdPzKwOm56a0uZFqaFNtAkl+lM=",
        "owner": "adriankarlen",
        "repo": "textfox",
        "rev": "1fca41fb9352a1e36de9a16e8d843fccac2fe89f",
        "type": "github"
      },
      "original": {
        "owner": "adriankarlen",
        "repo": "textfox",
        "type": "github"
      }
    },
    "zen-browser": {
      "inputs": {
        "nixpkgs": [
          "nixpkgs"
        ]
      },
      "locked": {
        "lastModified": 1737688749,
        "narHash": "sha256-c67wGumgDSYe6T6OJOKP15H2ODxItUXXekQqDSPjEa0=",
        "owner": "0xc000022070",
        "repo": "zen-browser-flake",
        "rev": "44a3c15f50dba8073feca64ec500daa44d9f366d",
        "type": "github"
      },
      "original": {
        "owner": "0xc000022070",
        "repo": "zen-browser-flake",
        "type": "github"
      }
    }
  },
  "root": "root",
  "version": 7
}
